// !$*UTF8*$!
{
	archiveVersion = 1;
	classes = {
	};
	objectVersion = 46;
	objects = {

/* Begin PBXBuildFile section */
		5C0BABD317730A36007A4DA1 /* Arrow.png in Resources */ = {isa = PBXBuildFile; fileRef = 5C0BABCE17730A36007A4DA1 /* Arrow.png */; };
		5C0BABD417730A36007A4DA1 /* Close_button.png in Resources */ = {isa = PBXBuildFile; fileRef = 5C0BABCF17730A36007A4DA1 /* Close_button.png */; };
		5C0BABD517730A36007A4DA1 /* division.png in Resources */ = {isa = PBXBuildFile; fileRef = 5C0BABD017730A36007A4DA1 /* division.png */; };
		5C0BABD617730A36007A4DA1 /* Mattespel_TheMachine_HELA.png in Resources */ = {isa = PBXBuildFile; fileRef = 5C0BABD117730A36007A4DA1 /* Mattespel_TheMachine_HELA.png */; };
		5C0BABD717730A36007A4DA1 /* multiplikation.png in Resources */ = {isa = PBXBuildFile; fileRef = 5C0BABD217730A36007A4DA1 /* multiplikation.png */; };
		5C0BEB6F1771A16F001A7184 /* QuartzCore.framework in Frameworks */ = {isa = PBXBuildFile; fileRef = 5C0BEB6E1771A16F001A7184 /* QuartzCore.framework */; };
		5C0BEB721771C575001A7184 /* MachineVC.m in Sources */ = {isa = PBXBuildFile; fileRef = 5C0BEB711771C575001A7184 /* MachineVC.m */; };
		5C0BEB741771C591001A7184 /* MachineView.xib in Resources */ = {isa = PBXBuildFile; fileRef = 5C0BEB731771C591001A7184 /* MachineView.xib */; };
		5C0BEB921771D18C001A7184 /* keyboard_arrow.png in Resources */ = {isa = PBXBuildFile; fileRef = 5C0BEB7A1771D18B001A7184 /* keyboard_arrow.png */; };
		5C0BEB931771D18C001A7184 /* keyboard_arrow@2x.png in Resources */ = {isa = PBXBuildFile; fileRef = 5C0BEB7B1771D18B001A7184 /* keyboard_arrow@2x.png */; };
		5C0BEB941771D18C001A7184 /* keyboard_dot.png in Resources */ = {isa = PBXBuildFile; fileRef = 5C0BEB7C1771D18B001A7184 /* keyboard_dot.png */; };
		5C0BEB951771D18C001A7184 /* keyboard_dot@2x.png in Resources */ = {isa = PBXBuildFile; fileRef = 5C0BEB7D1771D18B001A7184 /* keyboard_dot@2x.png */; };
		5C0BEB961771D18C001A7184 /* keyboard0.png in Resources */ = {isa = PBXBuildFile; fileRef = 5C0BEB7E1771D18B001A7184 /* keyboard0.png */; };
		5C0BEB971771D18C001A7184 /* keyboard0@2x.png in Resources */ = {isa = PBXBuildFile; fileRef = 5C0BEB7F1771D18B001A7184 /* keyboard0@2x.png */; };
		5C0BEB981771D18C001A7184 /* keyboard1.png in Resources */ = {isa = PBXBuildFile; fileRef = 5C0BEB801771D18B001A7184 /* keyboard1.png */; };
		5C0BEB991771D18C001A7184 /* keyboard1@2x.png in Resources */ = {isa = PBXBuildFile; fileRef = 5C0BEB811771D18B001A7184 /* keyboard1@2x.png */; };
		5C0BEB9A1771D18C001A7184 /* keyboard2.png in Resources */ = {isa = PBXBuildFile; fileRef = 5C0BEB821771D18B001A7184 /* keyboard2.png */; };
		5C0BEB9B1771D18C001A7184 /* keyboard2@2x.png in Resources */ = {isa = PBXBuildFile; fileRef = 5C0BEB831771D18B001A7184 /* keyboard2@2x.png */; };
		5C0BEB9C1771D18C001A7184 /* keyboard3.png in Resources */ = {isa = PBXBuildFile; fileRef = 5C0BEB841771D18B001A7184 /* keyboard3.png */; };
		5C0BEB9D1771D18C001A7184 /* keyboard3@2x.png in Resources */ = {isa = PBXBuildFile; fileRef = 5C0BEB851771D18B001A7184 /* keyboard3@2x.png */; };
		5C0BEB9E1771D18C001A7184 /* keyboard4.png in Resources */ = {isa = PBXBuildFile; fileRef = 5C0BEB861771D18B001A7184 /* keyboard4.png */; };
		5C0BEB9F1771D18C001A7184 /* keyboard4@2x.png in Resources */ = {isa = PBXBuildFile; fileRef = 5C0BEB871771D18B001A7184 /* keyboard4@2x.png */; };
		5C0BEBA01771D18C001A7184 /* keyboard5.png in Resources */ = {isa = PBXBuildFile; fileRef = 5C0BEB881771D18B001A7184 /* keyboard5.png */; };
		5C0BEBA11771D18C001A7184 /* keyboard5@2x.png in Resources */ = {isa = PBXBuildFile; fileRef = 5C0BEB891771D18B001A7184 /* keyboard5@2x.png */; };
		5C0BEBA21771D18C001A7184 /* keyboard6.png in Resources */ = {isa = PBXBuildFile; fileRef = 5C0BEB8A1771D18B001A7184 /* keyboard6.png */; };
		5C0BEBA31771D18C001A7184 /* keyboard6@2x.png in Resources */ = {isa = PBXBuildFile; fileRef = 5C0BEB8B1771D18B001A7184 /* keyboard6@2x.png */; };
		5C0BEBA41771D18C001A7184 /* keyboard7.png in Resources */ = {isa = PBXBuildFile; fileRef = 5C0BEB8C1771D18B001A7184 /* keyboard7.png */; };
		5C0BEBA51771D18C001A7184 /* keyboard7@2x.png in Resources */ = {isa = PBXBuildFile; fileRef = 5C0BEB8D1771D18B001A7184 /* keyboard7@2x.png */; };
		5C0BEBA61771D18C001A7184 /* keyboard8.png in Resources */ = {isa = PBXBuildFile; fileRef = 5C0BEB8E1771D18B001A7184 /* keyboard8.png */; };
		5C0BEBA71771D18C001A7184 /* keyboard8@2x.png in Resources */ = {isa = PBXBuildFile; fileRef = 5C0BEB8F1771D18B001A7184 /* keyboard8@2x.png */; };
		5C0BEBA81771D18C001A7184 /* keyboard9.png in Resources */ = {isa = PBXBuildFile; fileRef = 5C0BEB901771D18B001A7184 /* keyboard9.png */; };
		5C0BEBA91771D18C001A7184 /* keyboard9@2x.png in Resources */ = {isa = PBXBuildFile; fileRef = 5C0BEB911771D18B001A7184 /* keyboard9@2x.png */; };
		5C0BEBAC1771D196001A7184 /* keyboard_background_iPad.png in Resources */ = {isa = PBXBuildFile; fileRef = 5C0BEBAA1771D196001A7184 /* keyboard_background_iPad.png */; };
		5C0BEBAD1771D196001A7184 /* keyboard_background_iPad@2x.png in Resources */ = {isa = PBXBuildFile; fileRef = 5C0BEBAB1771D196001A7184 /* keyboard_background_iPad@2x.png */; };
		5C0BEBAF1771D290001A7184 /* transparent.png in Resources */ = {isa = PBXBuildFile; fileRef = 5C0BEBAE1771D290001A7184 /* transparent.png */; };
		5C0BEBB11771D2E7001A7184 /* red.png in Resources */ = {isa = PBXBuildFile; fileRef = 5C0BEBB01771D2E7001A7184 /* red.png */; };
		5C10A406176F524A00E10DDD /* UIKit.framework in Frameworks */ = {isa = PBXBuildFile; fileRef = 5C10A405176F524A00E10DDD /* UIKit.framework */; };
		5C10A408176F524A00E10DDD /* Foundation.framework in Frameworks */ = {isa = PBXBuildFile; fileRef = 5C10A407176F524A00E10DDD /* Foundation.framework */; };
		5C10A40A176F524A00E10DDD /* CoreGraphics.framework in Frameworks */ = {isa = PBXBuildFile; fileRef = 5C10A409176F524A00E10DDD /* CoreGraphics.framework */; };
		5C10A410176F524B00E10DDD /* InfoPlist.strings in Resources */ = {isa = PBXBuildFile; fileRef = 5C10A40E176F524B00E10DDD /* InfoPlist.strings */; };
		5C10A412176F524B00E10DDD /* main.m in Sources */ = {isa = PBXBuildFile; fileRef = 5C10A411176F524B00E10DDD /* main.m */; };
		5C10A416176F524B00E10DDD /* AppDelegate.m in Sources */ = {isa = PBXBuildFile; fileRef = 5C10A415176F524B00E10DDD /* AppDelegate.m */; };
		5C10A418176F524B00E10DDD /* Default.png in Resources */ = {isa = PBXBuildFile; fileRef = 5C10A417176F524B00E10DDD /* Default.png */; };
		5C10A41A176F524B00E10DDD /* Default@2x.png in Resources */ = {isa = PBXBuildFile; fileRef = 5C10A419176F524B00E10DDD /* Default@2x.png */; };
		5C10A41C176F524B00E10DDD /* Default-568h@2x.png in Resources */ = {isa = PBXBuildFile; fileRef = 5C10A41B176F524B00E10DDD /* Default-568h@2x.png */; };
		5C10A41F176F524B00E10DDD /* ViewController.m in Sources */ = {isa = PBXBuildFile; fileRef = 5C10A41E176F524B00E10DDD /* ViewController.m */; };
		5C10A422176F524B00E10DDD /* ViewController.xib in Resources */ = {isa = PBXBuildFile; fileRef = 5C10A420176F524B00E10DDD /* ViewController.xib */; };
		5C10A42A176F545A00E10DDD /* FootballVC.m in Sources */ = {isa = PBXBuildFile; fileRef = 5C10A429176F545A00E10DDD /* FootballVC.m */; };
		5C10A42C176F546F00E10DDD /* FootballView.xib in Resources */ = {isa = PBXBuildFile; fileRef = 5C10A42B176F546F00E10DDD /* FootballView.xib */; };
		5C10A42F176F550100E10DDD /* arrow_back.png in Resources */ = {isa = PBXBuildFile; fileRef = 5C10A42E176F550100E10DDD /* arrow_back.png */; };
		5C10A431176F550900E10DDD /* topbar.png in Resources */ = {isa = PBXBuildFile; fileRef = 5C10A430176F550900E10DDD /* topbar.png */; };
		5CFC39B41770691500A9F450 /* NumberView.m in Sources */ = {isa = PBXBuildFile; fileRef = 5CFC39B31770691500A9F450 /* NumberView.m */; };
		5CFC39B717706ABC00A9F450 /* circle.png in Resources */ = {isa = PBXBuildFile; fileRef = 5CFC39B617706ABC00A9F450 /* circle.png */; };
/* End PBXBuildFile section */

/* Begin PBXFileReference section */
		5C0BABCE17730A36007A4DA1 /* Arrow.png */ = {isa = PBXFileReference; lastKnownFileType = image.png; path = Arrow.png; sourceTree = "<group>"; };
		5C0BABCF17730A36007A4DA1 /* Close_button.png */ = {isa = PBXFileReference; lastKnownFileType = image.png; path = Close_button.png; sourceTree = "<group>"; };
		5C0BABD017730A36007A4DA1 /* division.png */ = {isa = PBXFileReference; lastKnownFileType = image.png; path = division.png; sourceTree = "<group>"; };
		5C0BABD117730A36007A4DA1 /* Mattespel_TheMachine_HELA.png */ = {isa = PBXFileReference; lastKnownFileType = image.png; path = Mattespel_TheMachine_HELA.png; sourceTree = "<group>"; };
		5C0BABD217730A36007A4DA1 /* multiplikation.png */ = {isa = PBXFileReference; lastKnownFileType = image.png; path = multiplikation.png; sourceTree = "<group>"; };
		5C0BEB6E1771A16F001A7184 /* QuartzCore.framework */ = {isa = PBXFileReference; lastKnownFileType = wrapper.framework; name = QuartzCore.framework; path = System/Library/Frameworks/QuartzCore.framework; sourceTree = SDKROOT; };
		5C0BEB701771C574001A7184 /* MachineVC.h */ = {isa = PBXFileReference; fileEncoding = 4; lastKnownFileType = sourcecode.c.h; path = MachineVC.h; sourceTree = "<group>"; };
		5C0BEB711771C575001A7184 /* MachineVC.m */ = {isa = PBXFileReference; fileEncoding = 4; lastKnownFileType = sourcecode.c.objc; path = MachineVC.m; sourceTree = "<group>"; };
		5C0BEB731771C591001A7184 /* MachineView.xib */ = {isa = PBXFileReference; fileEncoding = 4; lastKnownFileType = file.xib; path = MachineView.xib; sourceTree = "<group>"; };
		5C0BEB7A1771D18B001A7184 /* keyboard_arrow.png */ = {isa = PBXFileReference; lastKnownFileType = image.png; path = keyboard_arrow.png; sourceTree = "<group>"; };
		5C0BEB7B1771D18B001A7184 /* keyboard_arrow@2x.png */ = {isa = PBXFileReference; lastKnownFileType = image.png; path = "keyboard_arrow@2x.png"; sourceTree = "<group>"; };
		5C0BEB7C1771D18B001A7184 /* keyboard_dot.png */ = {isa = PBXFileReference; lastKnownFileType = image.png; path = keyboard_dot.png; sourceTree = "<group>"; };
		5C0BEB7D1771D18B001A7184 /* keyboard_dot@2x.png */ = {isa = PBXFileReference; lastKnownFileType = image.png; path = "keyboard_dot@2x.png"; sourceTree = "<group>"; };
		5C0BEB7E1771D18B001A7184 /* keyboard0.png */ = {isa = PBXFileReference; lastKnownFileType = image.png; path = keyboard0.png; sourceTree = "<group>"; };
		5C0BEB7F1771D18B001A7184 /* keyboard0@2x.png */ = {isa = PBXFileReference; lastKnownFileType = image.png; path = "keyboard0@2x.png"; sourceTree = "<group>"; };
		5C0BEB801771D18B001A7184 /* keyboard1.png */ = {isa = PBXFileReference; lastKnownFileType = image.png; path = keyboard1.png; sourceTree = "<group>"; };
		5C0BEB811771D18B001A7184 /* keyboard1@2x.png */ = {isa = PBXFileReference; lastKnownFileType = image.png; path = "keyboard1@2x.png"; sourceTree = "<group>"; };
		5C0BEB821771D18B001A7184 /* keyboard2.png */ = {isa = PBXFileReference; lastKnownFileType = image.png; path = keyboard2.png; sourceTree = "<group>"; };
		5C0BEB831771D18B001A7184 /* keyboard2@2x.png */ = {isa = PBXFileReference; lastKnownFileType = image.png; path = "keyboard2@2x.png"; sourceTree = "<group>"; };
		5C0BEB841771D18B001A7184 /* keyboard3.png */ = {isa = PBXFileReference; lastKnownFileType = image.png; path = keyboard3.png; sourceTree = "<group>"; };
		5C0BEB851771D18B001A7184 /* keyboard3@2x.png */ = {isa = PBXFileReference; lastKnownFileType = image.png; path = "keyboard3@2x.png"; sourceTree = "<group>"; };
		5C0BEB861771D18B001A7184 /* keyboard4.png */ = {isa = PBXFileReference; lastKnownFileType = image.png; path = keyboard4.png; sourceTree = "<group>"; };
		5C0BEB871771D18B001A7184 /* keyboard4@2x.png */ = {isa = PBXFileReference; lastKnownFileType = image.png; path = "keyboard4@2x.png"; sourceTree = "<group>"; };
		5C0BEB881771D18B001A7184 /* keyboard5.png */ = {isa = PBXFileReference; lastKnownFileType = image.png; path = keyboard5.png; sourceTree = "<group>"; };
		5C0BEB891771D18B001A7184 /* keyboard5@2x.png */ = {isa = PBXFileReference; lastKnownFileType = image.png; path = "keyboard5@2x.png"; sourceTree = "<group>"; };
		5C0BEB8A1771D18B001A7184 /* keyboard6.png */ = {isa = PBXFileReference; lastKnownFileType = image.png; path = keyboard6.png; sourceTree = "<group>"; };
		5C0BEB8B1771D18B001A7184 /* keyboard6@2x.png */ = {isa = PBXFileReference; lastKnownFileType = image.png; path = "keyboard6@2x.png"; sourceTree = "<group>"; };
		5C0BEB8C1771D18B001A7184 /* keyboard7.png */ = {isa = PBXFileReference; lastKnownFileType = image.png; path = keyboard7.png; sourceTree = "<group>"; };
		5C0BEB8D1771D18B001A7184 /* keyboard7@2x.png */ = {isa = PBXFileReference; lastKnownFileType = image.png; path = "keyboard7@2x.png"; sourceTree = "<group>"; };
		5C0BEB8E1771D18B001A7184 /* keyboard8.png */ = {isa = PBXFileReference; lastKnownFileType = image.png; path = keyboard8.png; sourceTree = "<group>"; };
		5C0BEB8F1771D18B001A7184 /* keyboard8@2x.png */ = {isa = PBXFileReference; lastKnownFileType = image.png; path = "keyboard8@2x.png"; sourceTree = "<group>"; };
		5C0BEB901771D18B001A7184 /* keyboard9.png */ = {isa = PBXFileReference; lastKnownFileType = image.png; path = keyboard9.png; sourceTree = "<group>"; };
		5C0BEB911771D18B001A7184 /* keyboard9@2x.png */ = {isa = PBXFileReference; lastKnownFileType = image.png; path = "keyboard9@2x.png"; sourceTree = "<group>"; };
		5C0BEBAA1771D196001A7184 /* keyboard_background_iPad.png */ = {isa = PBXFileReference; lastKnownFileType = image.png; path = keyboard_background_iPad.png; sourceTree = "<group>"; };
		5C0BEBAB1771D196001A7184 /* keyboard_background_iPad@2x.png */ = {isa = PBXFileReference; lastKnownFileType = image.png; path = "keyboard_background_iPad@2x.png"; sourceTree = "<group>"; };
		5C0BEBAE1771D290001A7184 /* transparent.png */ = {isa = PBXFileReference; lastKnownFileType = image.png; path = transparent.png; sourceTree = "<group>"; };
		5C0BEBB01771D2E7001A7184 /* red.png */ = {isa = PBXFileReference; lastKnownFileType = image.png; path = red.png; sourceTree = "<group>"; };
		5C10A402176F524A00E10DDD /* DeutschMath.app */ = {isa = PBXFileReference; explicitFileType = wrapper.application; includeInIndex = 0; path = DeutschMath.app; sourceTree = BUILT_PRODUCTS_DIR; };
		5C10A405176F524A00E10DDD /* UIKit.framework */ = {isa = PBXFileReference; lastKnownFileType = wrapper.framework; name = UIKit.framework; path = System/Library/Frameworks/UIKit.framework; sourceTree = SDKROOT; };
		5C10A407176F524A00E10DDD /* Foundation.framework */ = {isa = PBXFileReference; lastKnownFileType = wrapper.framework; name = Foundation.framework; path = System/Library/Frameworks/Foundation.framework; sourceTree = SDKROOT; };
		5C10A409176F524A00E10DDD /* CoreGraphics.framework */ = {isa = PBXFileReference; lastKnownFileType = wrapper.framework; name = CoreGraphics.framework; path = System/Library/Frameworks/CoreGraphics.framework; sourceTree = SDKROOT; };
		5C10A40D176F524B00E10DDD /* DeutschMath-Info.plist */ = {isa = PBXFileReference; lastKnownFileType = text.plist.xml; path = "DeutschMath-Info.plist"; sourceTree = "<group>"; };
		5C10A40F176F524B00E10DDD /* en */ = {isa = PBXFileReference; lastKnownFileType = text.plist.strings; name = en; path = en.lproj/InfoPlist.strings; sourceTree = "<group>"; };
		5C10A411176F524B00E10DDD /* main.m */ = {isa = PBXFileReference; lastKnownFileType = sourcecode.c.objc; path = main.m; sourceTree = "<group>"; };
		5C10A413176F524B00E10DDD /* DeutschMath-Prefix.pch */ = {isa = PBXFileReference; lastKnownFileType = sourcecode.c.h; path = "DeutschMath-Prefix.pch"; sourceTree = "<group>"; };
		5C10A414176F524B00E10DDD /* AppDelegate.h */ = {isa = PBXFileReference; lastKnownFileType = sourcecode.c.h; path = AppDelegate.h; sourceTree = "<group>"; };
		5C10A415176F524B00E10DDD /* AppDelegate.m */ = {isa = PBXFileReference; lastKnownFileType = sourcecode.c.objc; path = AppDelegate.m; sourceTree = "<group>"; };
		5C10A417176F524B00E10DDD /* Default.png */ = {isa = PBXFileReference; lastKnownFileType = image.png; path = Default.png; sourceTree = "<group>"; };
		5C10A419176F524B00E10DDD /* Default@2x.png */ = {isa = PBXFileReference; lastKnownFileType = image.png; path = "Default@2x.png"; sourceTree = "<group>"; };
		5C10A41B176F524B00E10DDD /* Default-568h@2x.png */ = {isa = PBXFileReference; lastKnownFileType = image.png; path = "Default-568h@2x.png"; sourceTree = "<group>"; };
		5C10A41D176F524B00E10DDD /* ViewController.h */ = {isa = PBXFileReference; lastKnownFileType = sourcecode.c.h; path = ViewController.h; sourceTree = "<group>"; };
		5C10A41E176F524B00E10DDD /* ViewController.m */ = {isa = PBXFileReference; lastKnownFileType = sourcecode.c.objc; path = ViewController.m; sourceTree = "<group>"; };
		5C10A421176F524B00E10DDD /* en */ = {isa = PBXFileReference; lastKnownFileType = file.xib; name = en; path = en.lproj/ViewController.xib; sourceTree = "<group>"; };
		5C10A428176F545A00E10DDD /* FootballVC.h */ = {isa = PBXFileReference; fileEncoding = 4; lastKnownFileType = sourcecode.c.h; path = FootballVC.h; sourceTree = "<group>"; };
		5C10A429176F545A00E10DDD /* FootballVC.m */ = {isa = PBXFileReference; fileEncoding = 4; lastKnownFileType = sourcecode.c.objc; path = FootballVC.m; sourceTree = "<group>"; };
		5C10A42B176F546F00E10DDD /* FootballView.xib */ = {isa = PBXFileReference; fileEncoding = 4; lastKnownFileType = file.xib; path = FootballView.xib; sourceTree = "<group>"; };
		5C10A42E176F550100E10DDD /* arrow_back.png */ = {isa = PBXFileReference; lastKnownFileType = image.png; path = arrow_back.png; sourceTree = "<group>"; };
		5C10A430176F550900E10DDD /* topbar.png */ = {isa = PBXFileReference; lastKnownFileType = image.png; path = topbar.png; sourceTree = "<group>"; };
		5CFC39B21770691500A9F450 /* NumberView.h */ = {isa = PBXFileReference; fileEncoding = 4; lastKnownFileType = sourcecode.c.h; path = NumberView.h; sourceTree = "<group>"; };
		5CFC39B31770691500A9F450 /* NumberView.m */ = {isa = PBXFileReference; fileEncoding = 4; lastKnownFileType = sourcecode.c.objc; path = NumberView.m; sourceTree = "<group>"; };
		5CFC39B51770698E00A9F450 /* NumberViewDelegate.h */ = {isa = PBXFileReference; lastKnownFileType = sourcecode.c.h; path = NumberViewDelegate.h; sourceTree = "<group>"; };
		5CFC39B617706ABC00A9F450 /* circle.png */ = {isa = PBXFileReference; lastKnownFileType = image.png; path = circle.png; sourceTree = "<group>"; };
/* End PBXFileReference section */

/* Begin PBXFrameworksBuildPhase section */
		5C10A3FF176F524A00E10DDD /* Frameworks */ = {
			isa = PBXFrameworksBuildPhase;
			buildActionMask = 2147483647;
			files = (
				5C0BEB6F1771A16F001A7184 /* QuartzCore.framework in Frameworks */,
				5C10A406176F524A00E10DDD /* UIKit.framework in Frameworks */,
				5C10A408176F524A00E10DDD /* Foundation.framework in Frameworks */,
				5C10A40A176F524A00E10DDD /* CoreGraphics.framework in Frameworks */,
			);
			runOnlyForDeploymentPostprocessing = 0;
		};
/* End PBXFrameworksBuildPhase section */

/* Begin PBXGroup section */
		5C0BEB791771D174001A7184 /* keyboard */ = {
			isa = PBXGroup;
			children = (
				5C0BEBAA1771D196001A7184 /* keyboard_background_iPad.png */,
				5C0BEBAB1771D196001A7184 /* keyboard_background_iPad@2x.png */,
				5C0BEB7A1771D18B001A7184 /* keyboard_arrow.png */,
				5C0BEB7B1771D18B001A7184 /* keyboard_arrow@2x.png */,
				5C0BEB7C1771D18B001A7184 /* keyboard_dot.png */,
				5C0BEB7D1771D18B001A7184 /* keyboard_dot@2x.png */,
				5C0BEB7E1771D18B001A7184 /* keyboard0.png */,
				5C0BEB7F1771D18B001A7184 /* keyboard0@2x.png */,
				5C0BEB801771D18B001A7184 /* keyboard1.png */,
				5C0BEB811771D18B001A7184 /* keyboard1@2x.png */,
				5C0BEB821771D18B001A7184 /* keyboard2.png */,
				5C0BEB831771D18B001A7184 /* keyboard2@2x.png */,
				5C0BEB841771D18B001A7184 /* keyboard3.png */,
				5C0BEB851771D18B001A7184 /* keyboard3@2x.png */,
				5C0BEB861771D18B001A7184 /* keyboard4.png */,
				5C0BEB871771D18B001A7184 /* keyboard4@2x.png */,
				5C0BEB881771D18B001A7184 /* keyboard5.png */,
				5C0BEB891771D18B001A7184 /* keyboard5@2x.png */,
				5C0BEB8A1771D18B001A7184 /* keyboard6.png */,
				5C0BEB8B1771D18B001A7184 /* keyboard6@2x.png */,
				5C0BEB8C1771D18B001A7184 /* keyboard7.png */,
				5C0BEB8D1771D18B001A7184 /* keyboard7@2x.png */,
				5C0BEB8E1771D18B001A7184 /* keyboard8.png */,
				5C0BEB8F1771D18B001A7184 /* keyboard8@2x.png */,
				5C0BEB901771D18B001A7184 /* keyboard9.png */,
				5C0BEB911771D18B001A7184 /* keyboard9@2x.png */,
			);
			name = keyboard;
			sourceTree = "<group>";
		};
		5C10A3F9176F524A00E10DDD = {
			isa = PBXGroup;
			children = (
				5C10A40B176F524B00E10DDD /* DeutschMath */,
				5C10A404176F524A00E10DDD /* Frameworks */,
				5C10A403176F524A00E10DDD /* Products */,
			);
			sourceTree = "<group>";
		};
		5C10A403176F524A00E10DDD /* Products */ = {
			isa = PBXGroup;
			children = (
				5C10A402176F524A00E10DDD /* DeutschMath.app */,
			);
			name = Products;
			sourceTree = "<group>";
		};
		5C10A404176F524A00E10DDD /* Frameworks */ = {
			isa = PBXGroup;
			children = (
				5C0BEB6E1771A16F001A7184 /* QuartzCore.framework */,
				5C10A405176F524A00E10DDD /* UIKit.framework */,
				5C10A407176F524A00E10DDD /* Foundation.framework */,
				5C10A409176F524A00E10DDD /* CoreGraphics.framework */,
			);
			name = Frameworks;
			sourceTree = "<group>";
		};
		5C10A40B176F524B00E10DDD /* DeutschMath */ = {
			isa = PBXGroup;
			children = (
				5C10A414176F524B00E10DDD /* AppDelegate.h */,
				5C10A415176F524B00E10DDD /* AppDelegate.m */,
				5C10A41D176F524B00E10DDD /* ViewController.h */,
				5C10A41E176F524B00E10DDD /* ViewController.m */,
				5C10A420176F524B00E10DDD /* ViewController.xib */,
				5C10A40C176F524B00E10DDD /* Supporting Files */,
				5C10A428176F545A00E10DDD /* FootballVC.h */,
				5C10A429176F545A00E10DDD /* FootballVC.m */,
				5C10A42B176F546F00E10DDD /* FootballView.xib */,
				5C10A42D176F54A900E10DDD /* images */,
				5CFC39B21770691500A9F450 /* NumberView.h */,
				5CFC39B31770691500A9F450 /* NumberView.m */,
				5CFC39B51770698E00A9F450 /* NumberViewDelegate.h */,
				5C0BEB701771C574001A7184 /* MachineVC.h */,
				5C0BEB711771C575001A7184 /* MachineVC.m */,
				5C0BEB731771C591001A7184 /* MachineView.xib */,
			);
			path = DeutschMath;
			sourceTree = "<group>";
		};
		5C10A40C176F524B00E10DDD /* Supporting Files */ = {
			isa = PBXGroup;
			children = (
				5C10A40D176F524B00E10DDD /* DeutschMath-Info.plist */,
				5C10A40E176F524B00E10DDD /* InfoPlist.strings */,
				5C10A411176F524B00E10DDD /* main.m */,
				5C10A413176F524B00E10DDD /* DeutschMath-Prefix.pch */,
				5C10A417176F524B00E10DDD /* Default.png */,
				5C10A419176F524B00E10DDD /* Default@2x.png */,
				5C10A41B176F524B00E10DDD /* Default-568h@2x.png */,
			);
			name = "Supporting Files";
			sourceTree = "<group>";
		};
		5C10A42D176F54A900E10DDD /* images */ = {
			isa = PBXGroup;
			children = (
				5C0BEB791771D174001A7184 /* keyboard */,
				5C0BABCE17730A36007A4DA1 /* Arrow.png */,
				5C0BABCF17730A36007A4DA1 /* Close_button.png */,
				5C0BABD017730A36007A4DA1 /* division.png */,
				5C0BABD217730A36007A4DA1 /* multiplikation.png */,
				5C0BABD117730A36007A4DA1 /* Mattespel_TheMachine_HELA.png */,
				5C0BEBAE1771D290001A7184 /* transparent.png */,
				5C0BEBB01771D2E7001A7184 /* red.png */,
				5CFC39B617706ABC00A9F450 /* circle.png */,
				5C10A42E176F550100E10DDD /* arrow_back.png */,
				5C10A430176F550900E10DDD /* topbar.png */,
			);
			name = images;
			sourceTree = "<group>";
		};
/* End PBXGroup section */

/* Begin PBXNativeTarget section */
		5C10A401176F524A00E10DDD /* DeutschMath */ = {
			isa = PBXNativeTarget;
			buildConfigurationList = 5C10A425176F524B00E10DDD /* Build configuration list for PBXNativeTarget "DeutschMath" */;
			buildPhases = (
				5C10A3FE176F524A00E10DDD /* Sources */,
				5C10A3FF176F524A00E10DDD /* Frameworks */,
				5C10A400176F524A00E10DDD /* Resources */,
			);
			buildRules = (
			);
			dependencies = (
			);
			name = DeutschMath;
			productName = DeutschMath;
			productReference = 5C10A402176F524A00E10DDD /* DeutschMath.app */;
			productType = "com.apple.product-type.application";
		};
/* End PBXNativeTarget section */

/* Begin PBXProject section */
		5C10A3FA176F524A00E10DDD /* Project object */ = {
			isa = PBXProject;
			attributes = {
				LastUpgradeCheck = 0460;
				ORGANIZATIONNAME = appbyran;
			};
			buildConfigurationList = 5C10A3FD176F524A00E10DDD /* Build configuration list for PBXProject "DeutschMath" */;
			compatibilityVersion = "Xcode 3.2";
			developmentRegion = English;
			hasScannedForEncodings = 0;
			knownRegions = (
				en,
			);
			mainGroup = 5C10A3F9176F524A00E10DDD;
			productRefGroup = 5C10A403176F524A00E10DDD /* Products */;
			projectDirPath = "";
			projectRoot = "";
			targets = (
				5C10A401176F524A00E10DDD /* DeutschMath */,
			);
		};
/* End PBXProject section */

/* Begin PBXResourcesBuildPhase section */
		5C10A400176F524A00E10DDD /* Resources */ = {
			isa = PBXResourcesBuildPhase;
			buildActionMask = 2147483647;
			files = (
				5C10A410176F524B00E10DDD /* InfoPlist.strings in Resources */,
				5C10A418176F524B00E10DDD /* Default.png in Resources */,
				5C10A41A176F524B00E10DDD /* Default@2x.png in Resources */,
				5C10A41C176F524B00E10DDD /* Default-568h@2x.png in Resources */,
				5C10A422176F524B00E10DDD /* ViewController.xib in Resources */,
				5C10A42C176F546F00E10DDD /* FootballView.xib in Resources */,
				5C10A42F176F550100E10DDD /* arrow_back.png in Resources */,
				5C10A431176F550900E10DDD /* topbar.png in Resources */,
				5CFC39B717706ABC00A9F450 /* circle.png in Resources */,
				5C0BEB741771C591001A7184 /* MachineView.xib in Resources */,
				5C0BEB921771D18C001A7184 /* keyboard_arrow.png in Resources */,
				5C0BEB931771D18C001A7184 /* keyboard_arrow@2x.png in Resources */,
				5C0BEB941771D18C001A7184 /* keyboard_dot.png in Resources */,
				5C0BEB951771D18C001A7184 /* keyboard_dot@2x.png in Resources */,
				5C0BEB961771D18C001A7184 /* keyboard0.png in Resources */,
				5C0BEB971771D18C001A7184 /* keyboard0@2x.png in Resources */,
				5C0BEB981771D18C001A7184 /* keyboard1.png in Resources */,
				5C0BEB991771D18C001A7184 /* keyboard1@2x.png in Resources */,
				5C0BEB9A1771D18C001A7184 /* keyboard2.png in Resources */,
				5C0BEB9B1771D18C001A7184 /* keyboard2@2x.png in Resources */,
				5C0BEB9C1771D18C001A7184 /* keyboard3.png in Resources */,
				5C0BEB9D1771D18C001A7184 /* keyboard3@2x.png in Resources */,
				5C0BEB9E1771D18C001A7184 /* keyboard4.png in Resources */,
				5C0BEB9F1771D18C001A7184 /* keyboard4@2x.png in Resources */,
				5C0BEBA01771D18C001A7184 /* keyboard5.png in Resources */,
				5C0BEBA11771D18C001A7184 /* keyboard5@2x.png in Resources */,
				5C0BEBA21771D18C001A7184 /* keyboard6.png in Resources */,
				5C0BEBA31771D18C001A7184 /* keyboard6@2x.png in Resources */,
				5C0BEBA41771D18C001A7184 /* keyboard7.png in Resources */,
				5C0BEBA51771D18C001A7184 /* keyboard7@2x.png in Resources */,
				5C0BEBA61771D18C001A7184 /* keyboard8.png in Resources */,
				5C0BEBA71771D18C001A7184 /* keyboard8@2x.png in Resources */,
				5C0BEBA81771D18C001A7184 /* keyboard9.png in Resources */,
				5C0BEBA91771D18C001A7184 /* keyboard9@2x.png in Resources */,
				5C0BEBAC1771D196001A7184 /* keyboard_background_iPad.png in Resources */,
				5C0BEBAD1771D196001A7184 /* keyboard_background_iPad@2x.png in Resources */,
				5C0BEBAF1771D290001A7184 /* transparent.png in Resources */,
				5C0BEBB11771D2E7001A7184 /* red.png in Resources */,
				5C0BABD317730A36007A4DA1 /* Arrow.png in Resources */,
				5C0BABD417730A36007A4DA1 /* Close_button.png in Resources */,
				5C0BABD517730A36007A4DA1 /* division.png in Resources */,
				5C0BABD617730A36007A4DA1 /* Mattespel_TheMachine_HELA.png in Resources */,
				5C0BABD717730A36007A4DA1 /* multiplikation.png in Resources */,
			);
			runOnlyForDeploymentPostprocessing = 0;
		};
/* End PBXResourcesBuildPhase section */

/* Begin PBXSourcesBuildPhase section */
		5C10A3FE176F524A00E10DDD /* Sources */ = {
			isa = PBXSourcesBuildPhase;
			buildActionMask = 2147483647;
			files = (
				5C10A412176F524B00E10DDD /* main.m in Sources */,
				5C10A416176F524B00E10DDD /* AppDelegate.m in Sources */,
				5C10A41F176F524B00E10DDD /* ViewController.m in Sources */,
				5C10A42A176F545A00E10DDD /* FootballVC.m in Sources */,
				5CFC39B41770691500A9F450 /* NumberView.m in Sources */,
				5C0BEB721771C575001A7184 /* MachineVC.m in Sources */,
			);
			runOnlyForDeploymentPostprocessing = 0;
		};
/* End PBXSourcesBuildPhase section */

/* Begin PBXVariantGroup section */
		5C10A40E176F524B00E10DDD /* InfoPlist.strings */ = {
			isa = PBXVariantGroup;
			children = (
				5C10A40F176F524B00E10DDD /* en */,
			);
			name = InfoPlist.strings;
			sourceTree = "<group>";
		};
		5C10A420176F524B00E10DDD /* ViewController.xib */ = {
			isa = PBXVariantGroup;
			children = (
				5C10A421176F524B00E10DDD /* en */,
			);
			name = ViewController.xib;
			sourceTree = "<group>";
		};
/* End PBXVariantGroup section */

/* Begin XCBuildConfiguration section */
		5C10A423176F524B00E10DDD /* Debug */ = {
			isa = XCBuildConfiguration;
			buildSettings = {
				ALWAYS_SEARCH_USER_PATHS = NO;
				CLANG_CXX_LANGUAGE_STANDARD = "gnu++0x";
				CLANG_CXX_LIBRARY = "libc++";
				CLANG_ENABLE_OBJC_ARC = YES;
				CLANG_WARN_CONSTANT_CONVERSION = YES;
				CLANG_WARN_EMPTY_BODY = YES;
				CLANG_WARN_ENUM_CONVERSION = YES;
				CLANG_WARN_INT_CONVERSION = YES;
				CLANG_WARN__DUPLICATE_METHOD_MATCH = YES;
				"CODE_SIGN_IDENTITY[sdk=iphoneos*]" = "iPhone Developer";
				COPY_PHASE_STRIP = NO;
				GCC_C_LANGUAGE_STANDARD = gnu99;
				GCC_DYNAMIC_NO_PIC = NO;
				GCC_OPTIMIZATION_LEVEL = 0;
				GCC_PREPROCESSOR_DEFINITIONS = (
					"DEBUG=1",
					"$(inherited)",
				);
				GCC_SYMBOLS_PRIVATE_EXTERN = NO;
				GCC_WARN_ABOUT_RETURN_TYPE = YES;
				GCC_WARN_UNINITIALIZED_AUTOS = YES;
				GCC_WARN_UNUSED_VARIABLE = YES;
				IPHONEOS_DEPLOYMENT_TARGET = 6.1;
				ONLY_ACTIVE_ARCH = YES;
				SDKROOT = iphoneos;
			};
			name = Debug;
		};
		5C10A424176F524B00E10DDD /* Release */ = {
			isa = XCBuildConfiguration;
			buildSettings = {
				ALWAYS_SEARCH_USER_PATHS = NO;
				CLANG_CXX_LANGUAGE_STANDARD = "gnu++0x";
				CLANG_CXX_LIBRARY = "libc++";
				CLANG_ENABLE_OBJC_ARC = YES;
				CLANG_WARN_CONSTANT_CONVERSION = YES;
				CLANG_WARN_EMPTY_BODY = YES;
				CLANG_WARN_ENUM_CONVERSION = YES;
				CLANG_WARN_INT_CONVERSION = YES;
				CLANG_WARN__DUPLICATE_METHOD_MATCH = YES;
				"CODE_SIGN_IDENTITY[sdk=iphoneos*]" = "iPhone Developer";
				COPY_PHASE_STRIP = YES;
				GCC_C_LANGUAGE_STANDARD = gnu99;
				GCC_WARN_ABOUT_RETURN_TYPE = YES;
				GCC_WARN_UNINITIALIZED_AUTOS = YES;
				GCC_WARN_UNUSED_VARIABLE = YES;
				IPHONEOS_DEPLOYMENT_TARGET = 6.1;
				OTHER_CFLAGS = "-DNS_BLOCK_ASSERTIONS=1";
				SDKROOT = iphoneos;
				VALIDATE_PRODUCT = YES;
			};
			name = Release;
		};
		5C10A426176F524B00E10DDD /* Debug */ = {
			isa = XCBuildConfiguration;
			buildSettings = {
				GCC_PRECOMPILE_PREFIX_HEADER = YES;
				GCC_PREFIX_HEADER = "DeutschMath/DeutschMath-Prefix.pch";
				INFOPLIST_FILE = "DeutschMath/DeutschMath-Info.plist";
				IPHONEOS_DEPLOYMENT_TARGET = 6.1;
				PRODUCT_NAME = "$(TARGET_NAME)";
				TARGETED_DEVICE_FAMILY = "1,2";
				WRAPPER_EXTENSION = app;
			};
			name = Debug;
		};
		5C10A427176F524B00E10DDD /* Release */ = {
			isa = XCBuildConfiguration;
			buildSettings = {
				GCC_PRECOMPILE_PREFIX_HEADER = YES;
				GCC_PREFIX_HEADER = "DeutschMath/DeutschMath-Prefix.pch";
				INFOPLIST_FILE = "DeutschMath/DeutschMath-Info.plist";
				IPHONEOS_DEPLOYMENT_TARGET = 6.1;
				PRODUCT_NAME = "$(TARGET_NAME)";
				TARGETED_DEVICE_FAMILY = "1,2";
				WRAPPER_EXTENSION = app;
			};
			name = Release;
		};
/* End XCBuildConfiguration section */

/* Begin XCConfigurationList section */
		5C10A3FD176F524A00E10DDD /* Build configuration list for PBXProject "DeutschMath" */ = {
			isa = XCConfigurationList;
			buildConfigurations = (
				5C10A423176F524B00E10DDD /* Debug */,
				5C10A424176F524B00E10DDD /* Release */,
			);
			defaultConfigurationIsVisible = 0;
			defaultConfigurationName = Release;
		};
		5C10A425176F524B00E10DDD /* Build configuration list for PBXNativeTarget "DeutschMath" */ = {
			isa = XCConfigurationList;
			buildConfigurations = (
				5C10A426176F524B00E10DDD /* Debug */,
				5C10A427176F524B00E10DDD /* Release */,
			);
			defaultConfigurationIsVisible = 0;
			defaultConfigurationName = Release;
		};
/* End XCConfigurationList section */
	};
	rootObject = 5C10A3FA176F524A00E10DDD /* Project object */;
}
